{
  "version": 2,
  "dependencies": {
    "net10.0": {
      "StaticSiteHost.Abstractions": {
        "type": "Direct",
        "requested": "[0.2.0, )",
        "resolved": "0.2.0",
        "contentHash": "uw1t0gMcV9yWB3kz37aNzgwbs9fxZQ6lw58bqmScPzuVEmNKcFZprTojkCdWRtmjsONGiVOxG2oFA2W6hJLduQ=="
      },
      "Acornima": {
        "type": "Transitive",
        "resolved": "1.7.0",
        "contentHash": "a2I4O4qkuAdB0oSaGz6/k0n/bXxMbGcLBra5dNTTVSLmTwM7uORA8ebpOrNMmDfFWOMwvuaRL6gPprRV4HTV0w=="
      },
      "Humanizer.Core": {
        "type": "Transitive",
        "resolved": "3.0.10",
        "contentHash": "yZIhtw8sYuvsONzQbZxWpR60tMWYHXoo0DL6nyOqSFiU5POjBTSEyWFpTQtJEZuy+oqiYTXKXY/Mjx7KnqIQFw=="
      },
      "Json.More.Net": {
        "type": "Transitive",
        "resolved": "3.0.1",
        "contentHash": "fRctF2J2SILYG6wqP21drmeEODmCVkVQ/b3MndDu2fT1swfySyUgq7ePCk+aENGlDcIm05fyfjh9vcuqDEfv3w=="
      },
      "JsonPointer.Net": {
        "type": "Transitive",
        "resolved": "7.0.2",
        "contentHash": "oClYHv2ooeRrtPZyC9sb/Za/ie5pGhjTbNHlAyFg4XOCyU+606FdoZKS7UdaWvtsPlrF+U2w0Ja3TRvn5+spyA==",
        "dependencies": {
          "Humanizer.Core": "3.0.10",
          "Json.More.Net": "3.0.1"
        }
      },
      "maquettiste.engine": {
        "type": "Project",
        "dependencies": {
          "Jint": "[4.16.4, )",
          "JsonSchema.Net": "[9.4.0, )",
          "Scriban": "[7.5.0, )",
          "Ulid": "[1.4.1, )"
        }
      },
      "Jint": {
        "type": "CentralTransitive",
        "requested": "[4.16.4, )",
        "resolved": "4.16.4",
        "contentHash": "Gdqc4XA5N7MqUxv2phUZ7U2ZMvcz7tF6ktCe1xVfpP0MEykP41QTKmjyaFTmVPGgawUgQAW4jJi8jv/YEQQY2w==",
        "dependencies": {
          "Acornima": "1.7.0"
        }
      },
      "JsonSchema.Net": {
        "type": "CentralTransitive",
        "requested": "[9.4.0, )",
        "resolved": "9.4.0",
        "contentHash": "muE4nPuzbD9x5XA1mkXJNqX4mhz47oF3EY8qFLY1pyUY7lhXFKq65t/dSKIHeNSLBV17zwZuq24MD1em90rMNg==",
        "dependencies": {
          "JsonPointer.Net": "7.0.2"
        }
      },
      "Scriban": {
        "type": "CentralTransitive",
        "requested": "[7.5.0, )",
        "resolved": "7.5.0",
        "contentHash": "5Dk6VXG6dimWQFRtCs202cYYkdE1GeOqpUgCwNSp4C4NhpjeMaVNssxe6Ifb1Z3HCfabvrbk9XLbvQXeZXG91w=="
      },
      "Ulid": {
        "type": "CentralTransitive",
        "requested": "[1.4.1, )",
        "resolved": "1.4.1",
        "contentHash": "V6crLJ8a29raWeNwxYGfH9RTKA3H0nR0D9LAGzN3KtEsbiiaWkUjDor6OT5Oz7pxCK+NaY2hu2FLoYEOa8oCkA=="
      }
    }
  }
}